// !$*UTF8*$!
{
	archiveVersion = 1;
	classes = {
	};
	objectVersion = 50;
	objects = {

/* Begin PBXBuildFile section */
		DD292C90235A8A5000F206AF /* Main.storyboard in Resources */ = {isa = PBXBuildFile; fileRef = DD292C8F235A8A5000F206AF /* Main.storyboard */; };
		DD3255D1235A4F2200FFAA75 /* AppDelegate.swift in Sources */ = {isa = PBXBuildFile; fileRef = DD3255D0235A4F2200FFAA75 /* AppDelegate.swift */; };
		DD3255D3235A4F2200FFAA75 /* SceneDelegate.swift in Sources */ = {isa = PBXBuildFile; fileRef = DD3255D2235A4F2200FFAA75 /* SceneDelegate.swift */; };
		DD3255D6235A4F2200FFAA75 /* StudentsList.xcdatamodeld in Sources */ = {isa = PBXBuildFile; fileRef = DD3255D4235A4F2200FFAA75 /* StudentsList.xcdatamodeld */; };
		DD3255D8235A4F2200FFAA75 /* ContentView.swift in Sources */ = {isa = PBXBuildFile; fileRef = DD3255D7235A4F2200FFAA75 /* ContentView.swift */; };
		DD3255DA235A4F2500FFAA75 /* Assets.xcassets in Resources */ = {isa = PBXBuildFile; fileRef = DD3255D9235A4F2500FFAA75 /* Assets.xcassets */; };
		DD3255DD235A4F2500FFAA75 /* Preview Assets.xcassets in Resources */ = {isa = PBXBuildFile; fileRef = DD3255DC235A4F2500FFAA75 /* Preview Assets.xcassets */; };
		DDF3E5B7235AD455006FA57D /* LaunchScreen.storyboard in Resources */ = {isa = PBXBuildFile; fileRef = DD3255DE235A4F2500FFAA75 /* LaunchScreen.storyboard */; };
		DDF3E5B9235B5454006FA57D /* MainViewController.swift in Sources */ = {isa = PBXBuildFile; fileRef = DDF3E5B8235B5454006FA57D /* MainViewController.swift */; };
		DDF3E5BB235B546E006FA57D /* StudentsTableViewController.swift in Sources */ = {isa = PBXBuildFile; fileRef = DDF3E5BA235B546E006FA57D /* StudentsTableViewController.swift */; };
/* End PBXBuildFile section */

/* Begin PBXFileReference section */
		DD292C8F235A8A5000F206AF /* Main.storyboard */ = {isa = PBXFileReference; lastKnownFileType = file.storyboard; path = Main.storyboard; sourceTree = "<group>"; };
		DD3255CD235A4F2200FFAA75 /* StudentsList.app */ = {isa = PBXFileReference; explicitFileType = wrapper.application; includeInIndex = 0; path = StudentsList.app; sourceTree = BUILT_PRODUCTS_DIR; };
		DD3255D0235A4F2200FFAA75 /* AppDelegate.swift */ = {isa = PBXFileReference; lastKnownFileType = sourcecode.swift; path = AppDelegate.swift; sourceTree = "<group>"; };
		DD3255D2235A4F2200FFAA75 /* SceneDelegate.swift */ = {isa = PBXFileReference; lastKnownFileType = sourcecode.swift; path = SceneDelegate.swift; sourceTree = "<group>"; };
		DD3255D5235A4F2200FFAA75 /* StudentsList.xcdatamodel */ = {isa = PBXFileReference; lastKnownFileType = wrapper.xcdatamodel; path = StudentsList.xcdatamodel; sourceTree = "<group>"; };
		DD3255D7235A4F2200FFAA75 /* ContentView.swift */ = {isa = PBXFileReference; lastKnownFileType = sourcecode.swift; path = ContentView.swift; sourceTree = "<group>"; };
		DD3255D9235A4F2500FFAA75 /* Assets.xcassets */ = {isa = PBXFileReference; lastKnownFileType = folder.assetcatalog; path = Assets.xcassets; sourceTree = "<group>"; };
		DD3255DC235A4F2500FFAA75 /* Preview Assets.xcassets */ = {isa = PBXFileReference; lastKnownFileType = folder.assetcatalog; path = "Preview Assets.xcassets"; sourceTree = "<group>"; };
		DD3255DF235A4F2500FFAA75 /* Base */ = {isa = PBXFileReference; lastKnownFileType = file.storyboard; name = Base; path = Base.lproj/LaunchScreen.storyboard; sourceTree = "<group>"; };
		DD3255E1235A4F2500FFAA75 /* Info.plist */ = {isa = PBXFileReference; lastKnownFileType = text.plist.xml; path = Info.plist; sourceTree = "<group>"; };
		DDF3E5B8235B5454006FA57D /* MainViewController.swift */ = {isa = PBXFileReference; lastKnownFileType = sourcecode.swift; path = MainViewController.swift; sourceTree = "<group>"; };
		DDF3E5BA235B546E006FA57D /* StudentsTableViewController.swift */ = {isa = PBXFileReference; lastKnownFileType = sourcecode.swift; path = StudentsTableViewController.swift; sourceTree = "<group>"; };
/* End PBXFileReference section */

/* Begin PBXFrameworksBuildPhase section */
		DD3255CA235A4F2200FFAA75 /* Frameworks */ = {
			isa = PBXFrameworksBuildPhase;
			buildActionMask = 2147483647;
			files = (
			);
			runOnlyForDeploymentPostprocessing = 0;
		};
/* End PBXFrameworksBuildPhase section */

/* Begin PBXGroup section */
		DD292C91235A8A5D00F206AF /* Storyboards */ = {
			isa = PBXGroup;
			children = (
				DD3255DE235A4F2500FFAA75 /* LaunchScreen.storyboard */,
				DD292C8F235A8A5000F206AF /* Main.storyboard */,
			);
			path = Storyboards;
			sourceTree = "<group>";
		};
		DD3255C4235A4F2200FFAA75 = {
			isa = PBXGroup;
			children = (
				DDF3E5BC235B547C006FA57D /* View Controllers */,
				DD3255CF235A4F2200FFAA75 /* StudentsList */,
				DD3255CE235A4F2200FFAA75 /* Products */,
			);
			sourceTree = "<group>";
		};
		DD3255CE235A4F2200FFAA75 /* Products */ = {
			isa = PBXGroup;
			children = (
				DD3255CD235A4F2200FFAA75 /* StudentsList.app */,
			);
			name = Products;
			sourceTree = "<group>";
		};
		DD3255CF235A4F2200FFAA75 /* StudentsList */ = {
			isa = PBXGroup;
			children = (
				DD3255E7235A4F4800FFAA75 /* Resources */,
				DD292C91235A8A5D00F206AF /* Storyboards */,
				DD3255D4235A4F2200FFAA75 /* StudentsList.xcdatamodeld */,
				DD3255DB235A4F2500FFAA75 /* Preview Content */,
			);
			path = StudentsList;
			sourceTree = "<group>";
		};
		DD3255DB235A4F2500FFAA75 /* Preview Content */ = {
			isa = PBXGroup;
			children = (
				DD3255DC235A4F2500FFAA75 /* Preview Assets.xcassets */,
			);
			path = "Preview Content";
			sourceTree = "<group>";
		};
		DD3255E7235A4F4800FFAA75 /* Resources */ = {
			isa = PBXGroup;
			children = (
				DD3255D0235A4F2200FFAA75 /* AppDelegate.swift */,
				DD3255D2235A4F2200FFAA75 /* SceneDelegate.swift */,
				DD3255D7235A4F2200FFAA75 /* ContentView.swift */,
				DD3255D9235A4F2500FFAA75 /* Assets.xcassets */,
				DD3255E1235A4F2500FFAA75 /* Info.plist */,
			);
			path = Resources;
			sourceTree = "<group>";
		};
		DDF3E5BC235B547C006FA57D /* View Controllers */ = {
			isa = PBXGroup;
			children = (
				DDF3E5B8235B5454006FA57D /* MainViewController.swift */,
				DDF3E5BA235B546E006FA57D /* StudentsTableViewController.swift */,
			);
			name = "View Controllers";
			sourceTree = "<group>";
		};
/* End PBXGroup section */

/* Begin PBXNativeTarget section */
		DD3255CC235A4F2200FFAA75 /* StudentsList */ = {
			isa = PBXNativeTarget;
			buildConfigurationList = DD3255E4235A4F2500FFAA75 /* Build configuration list for PBXNativeTarget "StudentsList" */;
			buildPhases = (
				DD3255C9235A4F2200FFAA75 /* Sources */,
				DD3255CA235A4F2200FFAA75 /* Frameworks */,
				DD3255CB235A4F2200FFAA75 /* Resources */,
			);
			buildRules = (
			);
			dependencies = (
			);
			name = StudentsList;
			productName = StudentsList;
			productReference = DD3255CD235A4F2200FFAA75 /* StudentsList.app */;
			productType = "com.apple.product-type.application";
		};
/* End PBXNativeTarget section */

/* Begin PBXProject section */
		DD3255C5235A4F2200FFAA75 /* Project object */ = {
			isa = PBXProject;
			attributes = {
				LastSwiftUpdateCheck = 1110;
				LastUpgradeCheck = 1110;
				ORGANIZATIONNAME = "Lamdba School";
				TargetAttributes = {
					DD3255CC235A4F2200FFAA75 = {
						CreatedOnToolsVersion = 11.1;
					};
				};
			};
			buildConfigurationList = DD3255C8235A4F2200FFAA75 /* Build configuration list for PBXProject "StudentsList" */;
			compatibilityVersion = "Xcode 9.3";
			developmentRegion = en;
			hasScannedForEncodings = 0;
			knownRegions = (
				en,
				Base,
			);
			mainGroup = DD3255C4235A4F2200FFAA75;
			productRefGroup = DD3255CE235A4F2200FFAA75 /* Products */;
			projectDirPath = "";
			projectRoot = "";
			targets = (
				DD3255CC235A4F2200FFAA75 /* StudentsList */,
			);
		};
/* End PBXProject section */

/* Begin PBXResourcesBuildPhase section */
		DD3255CB235A4F2200FFAA75 /* Resources */ = {
			isa = PBXResourcesBuildPhase;
			buildActionMask = 2147483647;
			files = (
				DDF3E5B7235AD455006FA57D /* LaunchScreen.storyboard in Resources */,
				DD3255DD235A4F2500FFAA75 /* Preview Assets.xcassets in Resources */,
				DD3255DA235A4F2500FFAA75 /* Assets.xcassets in Resources */,
				DD292C90235A8A5000F206AF /* Main.storyboard in Resources */,
			);
			runOnlyForDeploymentPostprocessing = 0;
		};
/* End PBXResourcesBuildPhase section */

/* Begin PBXSourcesBuildPhase section */
		DD3255C9235A4F2200FFAA75 /* Sources */ = {
			isa = PBXSourcesBuildPhase;
			buildActionMask = 2147483647;
			files = (
				DD3255D6235A4F2200FFAA75 /* StudentsList.xcdatamodeld in Sources */,
				DD3255D1235A4F2200FFAA75 /* AppDelegate.swift in Sources */,
				DD3255D8235A4F2200FFAA75 /* ContentView.swift in Sources */,
				DDF3E5BB235B546E006FA57D /* StudentsTableViewController.swift in Sources */,
				DD3255D3235A4F2200FFAA75 /* SceneDelegate.swift in Sources */,
				DDF3E5B9235B5454006FA57D /* MainViewController.swift in Sources */,
			);
			runOnlyForDeploymentPostprocessing = 0;
		};
/* End PBXSourcesBuildPhase section */

/* Begin PBXVariantGroup section */
		DD3255DE235A4F2500FFAA75 /* LaunchScreen.storyboard */ = {
			isa = PBXVariantGroup;
			children = (
				DD3255DF235A4F2500FFAA75 /* Base */,
			);
			name = LaunchScreen.storyboard;
			path = ..;
			sourceTree = "<group>";
		};
/* End PBXVariantGroup section */

/* Begin XCBuildConfiguration section */
		DD3255E2235A4F2500FFAA75 /* Debug */ = {
			isa = XCBuildConfiguration;
			buildSettings = {
				ALWAYS_SEARCH_USER_PATHS = NO;
				CLANG_ANALYZER_NONNULL = YES;
				CLANG_ANALYZER_NUMBER_OBJECT_CONVERSION = YES_AGGRESSIVE;
				CLANG_CXX_LANGUAGE_STANDARD = "gnu++14";
				CLANG_CXX_LIBRARY = "libc++";
				CLANG_ENABLE_MODULES = YES;
				CLANG_ENABLE_OBJC_ARC = YES;
				CLANG_ENABLE_OBJC_WEAK = YES;
				CLANG_WARN_BLOCK_CAPTURE_AUTORELEASING = YES;
				CLANG_WARN_BOOL_CONVERSION = YES;
				CLANG_WARN_COMMA = YES;
				CLANG_WARN_CONSTANT_CONVERSION = YES;
				CLANG_WARN_DEPRECATED_OBJC_IMPLEMENTATIONS = YES;
				CLANG_WARN_DIRECT_OBJC_ISA_USAGE = YES_ERROR;
				CLANG_WARN_DOCUMENTATION_COMMENTS = YES;
				CLANG_WARN_EMPTY_BODY = YES;
				CLANG_WARN_ENUM_CONVERSION = YES;
				CLANG_WARN_INFINITE_RECURSION = YES;
				CLANG_WARN_INT_CONVERSION = YES;
				CLANG_WARN_NON_LITERAL_NULL_CONVERSION = YES;
				CLANG_WARN_OBJC_IMPLICIT_RETAIN_SELF = YES;
				CLANG_WARN_OBJC_LITERAL_CONVERSION = YES;
				CLANG_WARN_OBJC_ROOT_CLASS = YES_ERROR;
				CLANG_WARN_RANGE_LOOP_ANALYSIS = YES;
				CLANG_WARN_STRICT_PROTOTYPES = YES;
				CLANG_WARN_SUSPICIOUS_MOVE = YES;
				CLANG_WARN_UNGUARDED_AVAILABILITY = YES_AGGRESSIVE;
				CLANG_WARN_UNREACHABLE_CODE = YES;
				CLANG_WARN__DUPLICATE_METHOD_MATCH = YES;
				COPY_PHASE_STRIP = NO;
				DEBUG_INFORMATION_FORMAT = dwarf;
				ENABLE_STRICT_OBJC_MSGSEND = YES;
				ENABLE_TESTABILITY = YES;
				GCC_C_LANGUAGE_STANDARD = gnu11;
				GCC_DYNAMIC_NO_PIC = NO;
				GCC_NO_COMMON_BLOCKS = YES;
				GCC_OPTIMIZATION_LEVEL = 0;
				GCC_PREPROCESSOR_DEFINITIONS = (
					"DEBUG=1",
					"$(inherited)",
				);
				GCC_WARN_64_TO_32_BIT_CONVERSION = YES;
				GCC_WARN_ABOUT_RETURN_TYPE = YES_ERROR;
				GCC_WARN_UNDECLARED_SELECTOR = YES;
				GCC_WARN_UNINITIALIZED_AUTOS = YES_AGGRESSIVE;
				GCC_WARN_UNUSED_FUNCTION = YES;
				GCC_WARN_UNUSED_VARIABLE = YES;
				IPHONEOS_DEPLOYMENT_TARGET = 13.1;
				MTL_ENABLE_DEBUG_INFO = INCLUDE_SOURCE;
				MTL_FAST_MATH = YES;
				ONLY_ACTIVE_ARCH = YES;
				SDKROOT = iphoneos;
				SWIFT_ACTIVE_COMPILATION_CONDITIONS = DEBUG;
				SWIFT_OPTIMIZATION_LEVEL = "-Onone";
			};
			name = Debug;
		};
		DD3255E3235A4F2500FFAA75 /* Release */ = {
			isa = XCBuildConfiguration;
			buildSettings = {
				ALWAYS_SEARCH_USER_PATHS = NO;
				CLANG_ANALYZER_NONNULL = YES;
				CLANG_ANALYZER_NUMBER_OBJECT_CONVERSION = YES_AGGRESSIVE;
				CLANG_CXX_LANGUAGE_STANDARD = "gnu++14";
				CLANG_CXX_LIBRARY = "libc++";
				CLANG_ENABLE_MODULES = YES;
				CLANG_ENABLE_OBJC_ARC = YES;
				CLANG_ENABLE_OBJC_WEAK = YES;
				CLANG_WARN_BLOCK_CAPTURE_AUTORELEASING = YES;
				CLANG_WARN_BOOL_CONVERSION = YES;
				CLANG_WARN_COMMA = YES;
				CLANG_WARN_CONSTANT_CONVERSION = YES;
				CLANG_WARN_DEPRECATED_OBJC_IMPLEMENTATIONS = YES;
				CLANG_WARN_DIRECT_OBJC_ISA_USAGE = YES_ERROR;
				CLANG_WARN_DOCUMENTATION_COMMENTS = YES;
				CLANG_WARN_EMPTY_BODY = YES;
				CLANG_WARN_ENUM_CONVERSION = YES;
				CLANG_WARN_INFINITE_RECURSION = YES;
				CLANG_WARN_INT_CONVERSION = YES;
				CLANG_WARN_NON_LITERAL_NULL_CONVERSION = YES;
				CLANG_WARN_OBJC_IMPLICIT_RETAIN_SELF = YES;
				CLANG_WARN_OBJC_LITERAL_CONVERSION = YES;
				CLANG_WARN_OBJC_ROOT_CLASS = YES_ERROR;
				CLANG_WARN_RANGE_LOOP_ANALYSIS = YES;
				CLANG_WARN_STRICT_PROTOTYPES = YES;
				CLANG_WARN_SUSPICIOUS_MOVE = YES;
				CLANG_WARN_UNGUARDED_AVAILABILITY = YES_AGGRESSIVE;
				CLANG_WARN_UNREACHABLE_CODE = YES;
				CLANG_WARN__DUPLICATE_METHOD_MATCH = YES;
				COPY_PHASE_STRIP = NO;
				DEBUG_INFORMATION_FORMAT = "dwarf-with-dsym";
				ENABLE_NS_ASSERTIONS = NO;
				ENABLE_STRICT_OBJC_MSGSEND = YES;
				GCC_C_LANGUAGE_STANDARD = gnu11;
				GCC_NO_COMMON_BLOCKS = YES;
				GCC_WARN_64_TO_32_BIT_CONVERSION = YES;
				GCC_WARN_ABOUT_RETURN_TYPE = YES_ERROR;
				GCC_WARN_UNDECLARED_SELECTOR = YES;
				GCC_WARN_UNINITIALIZED_AUTOS = YES_AGGRESSIVE;
				GCC_WARN_UNUSED_FUNCTION = YES;
				GCC_WARN_UNUSED_VARIABLE = YES;
				IPHONEOS_DEPLOYMENT_TARGET = 13.1;
				MTL_ENABLE_DEBUG_INFO = NO;
				MTL_FAST_MATH = YES;
				SDKROOT = iphoneos;
				SWIFT_COMPILATION_MODE = wholemodule;
				SWIFT_OPTIMIZATION_LEVEL = "-O";
				VALIDATE_PRODUCT = YES;
			};
			name = Release;
		};
		DD3255E5235A4F2500FFAA75 /* Debug */ = {
			isa = XCBuildConfiguration;
			buildSettings = {
				ASSETCATALOG_COMPILER_APPICON_NAME = AppIcon;
				CODE_SIGN_STYLE = Automatic;
				DEVELOPMENT_ASSET_PATHS = "\"StudentsList/Preview Content\"";
				DEVELOPMENT_TEAM = T87Y8KB3R4;
				ENABLE_PREVIEWS = YES;
				INFOPLIST_FILE = "$(SRCROOT)/StudentsList/Resources/Info.plist";
				LD_RUNPATH_SEARCH_PATHS = (
					"$(inherited)",
					"@executable_path/Frameworks",
				);
				PRODUCT_BUNDLE_IDENTIFIER = com.percyNgan.StudentsList;
				PRODUCT_NAME = "$(TARGET_NAME)";
				SWIFT_VERSION = 5.0;
				TARGETED_DEVICE_FAMILY = "1,2";
			};
			name = Debug;
		};
		DD3255E6235A4F2500FFAA75 /* Release */ = {
			isa = XCBuildConfiguration;
			buildSettings = {
				ASSETCATALOG_COMPILER_APPICON_NAME = AppIcon;
				CODE_SIGN_STYLE = Automatic;
				DEVELOPMENT_ASSET_PATHS = "\"StudentsList/Preview Content\"";
				DEVELOPMENT_TEAM = T87Y8KB3R4;
				ENABLE_PREVIEWS = YES;
				INFOPLIST_FILE = "$(SRCROOT)/StudentsList/Resources/Info.plist";
				LD_RUNPATH_SEARCH_PATHS = (
					"$(inherited)",
					"@executable_path/Frameworks",
				);
				PRODUCT_BUNDLE_IDENTIFIER = com.percyNgan.StudentsList;
				PRODUCT_NAME = "$(TARGET_NAME)";
				SWIFT_VERSION = 5.0;
				TARGETED_DEVICE_FAMILY = "1,2";
			};
			name = Release;
		};
/* End XCBuildConfiguration section */

/* Begin XCConfigurationList section */
		DD3255C8235A4F2200FFAA75 /* Build configuration list for PBXProject "StudentsList" */ = {
			isa = XCConfigurationList;
			buildConfigurations = (
				DD3255E2235A4F2500FFAA75 /* Debug */,
				DD3255E3235A4F2500FFAA75 /* Release */,
			);
			defaultConfigurationIsVisible = 0;
			defaultConfigurationName = Release;
		};
		DD3255E4235A4F2500FFAA75 /* Build configuration list for PBXNativeTarget "StudentsList" */ = {
			isa = XCConfigurationList;
			buildConfigurations = (
				DD3255E5235A4F2500FFAA75 /* Debug */,
				DD3255E6235A4F2500FFAA75 /* Release */,
			);
			defaultConfigurationIsVisible = 0;
			defaultConfigurationName = Release;
		};
/* End XCConfigurationList section */

/* Begin XCVersionGroup section */
		DD3255D4235A4F2200FFAA75 /* StudentsList.xcdatamodeld */ = {
			isa = XCVersionGroup;
			children = (
				DD3255D5235A4F2200FFAA75 /* StudentsList.xcdatamodel */,
			);
			currentVersion = DD3255D5235A4F2200FFAA75 /* StudentsList.xcdatamodel */;
			path = StudentsList.xcdatamodeld;
			sourceTree = "<group>";
			versionGroupType = wrapper.xcdatamodel;
		};
/* End XCVersionGroup section */
	};
	rootObject = DD3255C5235A4F2200FFAA75 /* Project object */;
}
